
Microsoft Visual Studio Solution File, Format Version 12.00
# Visual Studio Version 17
VisualStudioVersion = 17.11.35208.52
MinimumVisualStudioVersion = 10.0.40219.1
Project("{9A19103F-16F7-4668-BE54-9A1E7A4F7556}") = "Student API Project", "Student API Project.csproj", "{69867BD0-85D5-419D-AE2F-5BB8BDA7A7A5}"
EndProject
Project("{FAE04EC0-301F-11D3-BF4B-00C04F79EFBC}") = "StudentAPI_Buisness", "..\StudentAPI_Buisness\StudentAPI_Buisness.csproj", "{01DC2549-3937-464D-A5F4-AC306E47681A}"
EndProject
Project("{FAE04EC0-301F-11D3-BF4B-00C04F79EFBC}") = "StudentAPI_DataAccess", "..\StudentAPI_DataAccess\StudentAPI_DataAccess.csproj", "{701063D9-42A1-411D-9AA3-C3FABEA12819}"
EndProject
Global
	GlobalSection(SolutionConfigurationPlatforms) = preSolution
		Debug|Any CPU = Debug|Any CPU
		Release|Any CPU = Release|Any CPU
	EndGlobalSection
	GlobalSection(ProjectConfigurationPlatforms) = postSolution
		{69867BD0-85D5-419D-AE2F-5BB8BDA7A7A5}.Debug|Any CPU.ActiveCfg = Debug|Any CPU
		{69867BD0-85D5-419D-AE2F-5BB8BDA7A7A5}.Debug|Any CPU.Build.0 = Debug|Any CPU
		{69867BD0-85D5-419D-AE2F-5BB8BDA7A7A5}.Release|Any CPU.ActiveCfg = Release|Any CPU
		{69867BD0-85D5-419D-AE2F-5BB8BDA7A7A5}.Release|Any CPU.Build.0 = Release|Any CPU
		{01DC2549-3937-464D-A5F4-AC306E47681A}.Debug|Any CPU.ActiveCfg = Debug|Any CPU
		{01DC2549-3937-464D-A5F4-AC306E47681A}.Debug|Any CPU.Build.0 = Debug|Any CPU
		{01DC2549-3937-464D-A5F4-AC306E47681A}.Release|Any CPU.ActiveCfg = Release|Any CPU
		{01DC2549-3937-464D-A5F4-AC306E47681A}.Release|Any CPU.Build.0 = Release|Any CPU
		{701063D9-42A1-411D-9AA3-C3FABEA12819}.Debug|Any CPU.ActiveCfg = Debug|Any CPU
		{701063D9-42A1-411D-9AA3-C3FABEA12819}.Debug|Any CPU.Build.0 = Debug|Any CPU
		{701063D9-42A1-411D-9AA3-C3FABEA12819}.Release|Any CPU.ActiveCfg = Release|Any CPU
		{701063D9-42A1-411D-9AA3-C3FABEA12819}.Release|Any CPU.Build.0 = Release|Any CPU
	EndGlobalSection
	GlobalSection(SolutionProperties) = preSolution
		HideSolutionNode = FALSE
	EndGlobalSection
	GlobalSection(ExtensibilityGlobals) = postSolution
		SolutionGuid = {B515DE99-C988-4EC9-91FF-6D5F85D9EBBF}
	EndGlobalSection
EndGlobal
