
Microsoft Visual Studio Solution File, Format Version 12.00
# Visual Studio Version 17
VisualStudioVersion = 17.10.35027.167
MinimumVisualStudioVersion = 10.0.40219.1
Project("{FAE04EC0-301F-11D3-BF4B-00C04F79EFBC}") = "Binary Search", "Binary Search.csproj", "{016DF252-D515-4AC5-BB47-8085011510BD}"
EndProject
Global
	GlobalSection(SolutionConfigurationPlatforms) = preSolution
		Debug|Any CPU = Debug|Any CPU
		Release|Any CPU = Release|Any CPU
	EndGlobalSection
	GlobalSection(ProjectConfigurationPlatforms) = postSolution
		{016DF252-D515-4AC5-BB47-8085011510BD}.Debug|Any CPU.ActiveCfg = Debug|Any CPU
		{016DF252-D515-4AC5-BB47-8085011510BD}.Debug|Any CPU.Build.0 = Debug|Any CPU
		{016DF252-D515-4AC5-BB47-8085011510BD}.Release|Any CPU.ActiveCfg = Release|Any CPU
		{016DF252-D515-4AC5-BB47-8085011510BD}.Release|Any CPU.Build.0 = Release|Any CPU
	EndGlobalSection
	GlobalSection(SolutionProperties) = preSolution
		HideSolutionNode = FALSE
	EndGlobalSection
	GlobalSection(ExtensibilityGlobals) = postSolution
		SolutionGuid = {EEC5944D-42FD-447A-AAA8-A8F804D1CF6E}
	EndGlobalSection
EndGlobal
