
Microsoft Visual Studio Solution File, Format Version 12.00
# Visual Studio Version 17
VisualStudioVersion = 17.8.34330.188
MinimumVisualStudioVersion = 10.0.40219.1
Project("{FAE04EC0-301F-11D3-BF4B-00C04F79EFBC}") = "StaticClass_StaticProperties", "StaticClass_StaticProperties.csproj", "{655145CF-DB7A-4441-A9CB-4D16A3F03DEC}"
EndProject
Global
	GlobalSection(SolutionConfigurationPlatforms) = preSolution
		Debug|Any CPU = Debug|Any CPU
		Release|Any CPU = Release|Any CPU
	EndGlobalSection
	GlobalSection(ProjectConfigurationPlatforms) = postSolution
		{655145CF-DB7A-4441-A9CB-4D16A3F03DEC}.Debug|Any CPU.ActiveCfg = Debug|Any CPU
		{655145CF-DB7A-4441-A9CB-4D16A3F03DEC}.Debug|Any CPU.Build.0 = Debug|Any CPU
		{655145CF-DB7A-4441-A9CB-4D16A3F03DEC}.Release|Any CPU.ActiveCfg = Release|Any CPU
		{655145CF-DB7A-4441-A9CB-4D16A3F03DEC}.Release|Any CPU.Build.0 = Release|Any CPU
	EndGlobalSection
	GlobalSection(SolutionProperties) = preSolution
		HideSolutionNode = FALSE
	EndGlobalSection
	GlobalSection(ExtensibilityGlobals) = postSolution
		SolutionGuid = {3DF70CC6-19F8-4FB7-92A0-73A35172E535}
	EndGlobalSection
EndGlobal
