
Microsoft Visual Studio Solution File, Format Version 12.00
# Visual Studio Version 17
VisualStudioVersion = 17.9.34902.65
MinimumVisualStudioVersion = 10.0.40219.1
Project("{FAE04EC0-301F-11D3-BF4B-00C04F79EFBC}") = "Obsolete Attribute", "Obsolete Attribute\Obsolete Attribute.csproj", "{0EE7A9B2-A9C4-4196-A43A-39FD1FEB9762}"
EndProject
Global
	GlobalSection(SolutionConfigurationPlatforms) = preSolution
		Debug|Any CPU = Debug|Any CPU
		Release|Any CPU = Release|Any CPU
	EndGlobalSection
	GlobalSection(ProjectConfigurationPlatforms) = postSolution
		{0EE7A9B2-A9C4-4196-A43A-39FD1FEB9762}.Debug|Any CPU.ActiveCfg = Debug|Any CPU
		{0EE7A9B2-A9C4-4196-A43A-39FD1FEB9762}.Debug|Any CPU.Build.0 = Debug|Any CPU
		{0EE7A9B2-A9C4-4196-A43A-39FD1FEB9762}.Release|Any CPU.ActiveCfg = Release|Any CPU
		{0EE7A9B2-A9C4-4196-A43A-39FD1FEB9762}.Release|Any CPU.Build.0 = Release|Any CPU
	EndGlobalSection
	GlobalSection(SolutionProperties) = preSolution
		HideSolutionNode = FALSE
	EndGlobalSection
	GlobalSection(ExtensibilityGlobals) = postSolution
		SolutionGuid = {AD1F7D50-864B-41A3-9031-3EB25A1774D0}
	EndGlobalSection
EndGlobal
