
Microsoft Visual Studio Solution File, Format Version 12.00
# Visual Studio Version 17
VisualStudioVersion = 17.10.35027.167
MinimumVisualStudioVersion = 10.0.40219.1
Project("{FAE04EC0-301F-11D3-BF4B-00C04F79EFBC}") = "Using HashSet to Remove Duplicates from Array", "Using HashSet to Remove Duplicates from Array.csproj", "{EA5A423A-25A1-4691-A45D-3951DCFF6338}"
EndProject
Global
	GlobalSection(SolutionConfigurationPlatforms) = preSolution
		Debug|Any CPU = Debug|Any CPU
		Release|Any CPU = Release|Any CPU
	EndGlobalSection
	GlobalSection(ProjectConfigurationPlatforms) = postSolution
		{EA5A423A-25A1-4691-A45D-3951DCFF6338}.Debug|Any CPU.ActiveCfg = Debug|Any CPU
		{EA5A423A-25A1-4691-A45D-3951DCFF6338}.Debug|Any CPU.Build.0 = Debug|Any CPU
		{EA5A423A-25A1-4691-A45D-3951DCFF6338}.Release|Any CPU.ActiveCfg = Release|Any CPU
		{EA5A423A-25A1-4691-A45D-3951DCFF6338}.Release|Any CPU.Build.0 = Release|Any CPU
	EndGlobalSection
	GlobalSection(SolutionProperties) = preSolution
		HideSolutionNode = FALSE
	EndGlobalSection
	GlobalSection(ExtensibilityGlobals) = postSolution
		SolutionGuid = {E67CAFE8-1446-4F65-8869-652BEBBAE77F}
	EndGlobalSection
EndGlobal
