
Microsoft Visual Studio Solution File, Format Version 12.00
# Visual Studio Version 17
VisualStudioVersion = 17.11.35327.3
MinimumVisualStudioVersion = 10.0.40219.1
Project("{FAE04EC0-301F-11D3-BF4B-00C04F79EFBC}") = "MxHeap", "MxHeap.csproj", "{D0760271-584A-4DBE-BB58-99B140067196}"
EndProject
Global
	GlobalSection(SolutionConfigurationPlatforms) = preSolution
		Debug|Any CPU = Debug|Any CPU
		Release|Any CPU = Release|Any CPU
	EndGlobalSection
	GlobalSection(ProjectConfigurationPlatforms) = postSolution
		{D0760271-584A-4DBE-BB58-99B140067196}.Debug|Any CPU.ActiveCfg = Debug|Any CPU
		{D0760271-584A-4DBE-BB58-99B140067196}.Debug|Any CPU.Build.0 = Debug|Any CPU
		{D0760271-584A-4DBE-BB58-99B140067196}.Release|Any CPU.ActiveCfg = Release|Any CPU
		{D0760271-584A-4DBE-BB58-99B140067196}.Release|Any CPU.Build.0 = Release|Any CPU
	EndGlobalSection
	GlobalSection(SolutionProperties) = preSolution
		HideSolutionNode = FALSE
	EndGlobalSection
	GlobalSection(ExtensibilityGlobals) = postSolution
		SolutionGuid = {B4DDBAD2-CB3E-4C8D-900A-D491D721EDD0}
	EndGlobalSection
EndGlobal
