
Microsoft Visual Studio Solution File, Format Version 12.00
# Visual Studio Version 17
VisualStudioVersion = 17.9.34902.65
MinimumVisualStudioVersion = 10.0.40219.1
Project("{FAE04EC0-301F-11D3-BF4B-00C04F79EFBC}") = "Nullable Datatypes Example 2", "Nullable Datatypes Example 2\Nullable Datatypes Example 2.csproj", "{8EDC587F-F6B8-41EE-9228-FA67C1FD2CA3}"
EndProject
Global
	GlobalSection(SolutionConfigurationPlatforms) = preSolution
		Debug|Any CPU = Debug|Any CPU
		Release|Any CPU = Release|Any CPU
	EndGlobalSection
	GlobalSection(ProjectConfigurationPlatforms) = postSolution
		{8EDC587F-F6B8-41EE-9228-FA67C1FD2CA3}.Debug|Any CPU.ActiveCfg = Debug|Any CPU
		{8EDC587F-F6B8-41EE-9228-FA67C1FD2CA3}.Debug|Any CPU.Build.0 = Debug|Any CPU
		{8EDC587F-F6B8-41EE-9228-FA67C1FD2CA3}.Release|Any CPU.ActiveCfg = Release|Any CPU
		{8EDC587F-F6B8-41EE-9228-FA67C1FD2CA3}.Release|Any CPU.Build.0 = Release|Any CPU
	EndGlobalSection
	GlobalSection(SolutionProperties) = preSolution
		HideSolutionNode = FALSE
	EndGlobalSection
	GlobalSection(ExtensibilityGlobals) = postSolution
		SolutionGuid = {EEADFC65-815D-4DB5-99FA-1006C75364CF}
	EndGlobalSection
EndGlobal
