
Microsoft Visual Studio Solution File, Format Version 12.00
# Visual Studio Version 17
VisualStudioVersion = 17.10.35027.167
MinimumVisualStudioVersion = 10.0.40219.1
Project("{FAE04EC0-301F-11D3-BF4B-00C04F79EFBC}") = "Responding to Changes in ObservableCollection", "Responding to Changes in ObservableCollection.csproj", "{D74B837D-4A24-4474-A751-823063E496EA}"
EndProject
Global
	GlobalSection(SolutionConfigurationPlatforms) = preSolution
		Debug|Any CPU = Debug|Any CPU
		Release|Any CPU = Release|Any CPU
	EndGlobalSection
	GlobalSection(ProjectConfigurationPlatforms) = postSolution
		{D74B837D-4A24-4474-A751-823063E496EA}.Debug|Any CPU.ActiveCfg = Debug|Any CPU
		{D74B837D-4A24-4474-A751-823063E496EA}.Debug|Any CPU.Build.0 = Debug|Any CPU
		{D74B837D-4A24-4474-A751-823063E496EA}.Release|Any CPU.ActiveCfg = Release|Any CPU
		{D74B837D-4A24-4474-A751-823063E496EA}.Release|Any CPU.Build.0 = Release|Any CPU
	EndGlobalSection
	GlobalSection(SolutionProperties) = preSolution
		HideSolutionNode = FALSE
	EndGlobalSection
	GlobalSection(ExtensibilityGlobals) = postSolution
		SolutionGuid = {AA08A25E-038B-4C2C-8F2A-0D8BC046F40B}
	EndGlobalSection
EndGlobal
