
Microsoft Visual Studio Solution File, Format Version 12.00
# Visual Studio Version 17
VisualStudioVersion = 17.8.34330.188
MinimumVisualStudioVersion = 10.0.40219.1
Project("{FAE04EC0-301F-11D3-BF4B-00C04F79EFBC}") = "CalculateProjectc#", "CalculateProjectc#.csproj", "{61A79CA1-2545-42AA-BD47-9CE84B8A2DCA}"
EndProject
Global
	GlobalSection(SolutionConfigurationPlatforms) = preSolution
		Debug|Any CPU = Debug|Any CPU
		Release|Any CPU = Release|Any CPU
	EndGlobalSection
	GlobalSection(ProjectConfigurationPlatforms) = postSolution
		{61A79CA1-2545-42AA-BD47-9CE84B8A2DCA}.Debug|Any CPU.ActiveCfg = Debug|Any CPU
		{61A79CA1-2545-42AA-BD47-9CE84B8A2DCA}.Debug|Any CPU.Build.0 = Debug|Any CPU
		{61A79CA1-2545-42AA-BD47-9CE84B8A2DCA}.Release|Any CPU.ActiveCfg = Release|Any CPU
		{61A79CA1-2545-42AA-BD47-9CE84B8A2DCA}.Release|Any CPU.Build.0 = Release|Any CPU
	EndGlobalSection
	GlobalSection(SolutionProperties) = preSolution
		HideSolutionNode = FALSE
	EndGlobalSection
	GlobalSection(ExtensibilityGlobals) = postSolution
		SolutionGuid = {0B567296-1346-4BB1-8803-3C9DE4121B89}
	EndGlobalSection
EndGlobal
