
Microsoft Visual Studio Solution File, Format Version 12.00
# Visual Studio Version 17
VisualStudioVersion = 17.8.34330.188
MinimumVisualStudioVersion = 10.0.40219.1
Project("{FAE04EC0-301F-11D3-BF4B-00C04F79EFBC}") = "Encryption_Decryption", "Encryption_Decryption.csproj", "{5023F385-8857-47CA-912F-200F17E23615}"
EndProject
Global
	GlobalSection(SolutionConfigurationPlatforms) = preSolution
		Debug|Any CPU = Debug|Any CPU
		Release|Any CPU = Release|Any CPU
	EndGlobalSection
	GlobalSection(ProjectConfigurationPlatforms) = postSolution
		{5023F385-8857-47CA-912F-200F17E23615}.Debug|Any CPU.ActiveCfg = Debug|Any CPU
		{5023F385-8857-47CA-912F-200F17E23615}.Debug|Any CPU.Build.0 = Debug|Any CPU
		{5023F385-8857-47CA-912F-200F17E23615}.Release|Any CPU.ActiveCfg = Release|Any CPU
		{5023F385-8857-47CA-912F-200F17E23615}.Release|Any CPU.Build.0 = Release|Any CPU
	EndGlobalSection
	GlobalSection(SolutionProperties) = preSolution
		HideSolutionNode = FALSE
	EndGlobalSection
	GlobalSection(ExtensibilityGlobals) = postSolution
		SolutionGuid = {A9D13FE9-DE7F-459A-957C-D37E1749DC2C}
	EndGlobalSection
EndGlobal
