
Microsoft Visual Studio Solution File, Format Version 12.00
# Visual Studio Version 17
VisualStudioVersion = 17.8.34330.188
MinimumVisualStudioVersion = 10.0.40219.1
Project("{FAE04EC0-301F-11D3-BF4B-00C04F79EFBC}") = "TampletClass", "TampletClass.csproj", "{AB0EBE5E-636B-4075-826C-DB323910A2A8}"
EndProject
Global
	GlobalSection(SolutionConfigurationPlatforms) = preSolution
		Debug|Any CPU = Debug|Any CPU
		Release|Any CPU = Release|Any CPU
	EndGlobalSection
	GlobalSection(ProjectConfigurationPlatforms) = postSolution
		{AB0EBE5E-636B-4075-826C-DB323910A2A8}.Debug|Any CPU.ActiveCfg = Debug|Any CPU
		{AB0EBE5E-636B-4075-826C-DB323910A2A8}.Debug|Any CPU.Build.0 = Debug|Any CPU
		{AB0EBE5E-636B-4075-826C-DB323910A2A8}.Release|Any CPU.ActiveCfg = Release|Any CPU
		{AB0EBE5E-636B-4075-826C-DB323910A2A8}.Release|Any CPU.Build.0 = Release|Any CPU
	EndGlobalSection
	GlobalSection(SolutionProperties) = preSolution
		HideSolutionNode = FALSE
	EndGlobalSection
	GlobalSection(ExtensibilityGlobals) = postSolution
		SolutionGuid = {14680E53-FD90-4925-9FF9-E049ADE3BC10}
	EndGlobalSection
EndGlobal
