
Microsoft Visual Studio Solution File, Format Version 12.00
# Visual Studio Version 17
VisualStudioVersion = 17.8.34330.188
MinimumVisualStudioVersion = 10.0.40219.1
Project("{FAE04EC0-301F-11D3-BF4B-00C04F79EFBC}") = "Parameterized-Constructor", "Parameterized-Constructor.csproj", "{3F01A3C3-A627-4912-81C3-64A7E1DFC51D}"
EndProject
Global
	GlobalSection(SolutionConfigurationPlatforms) = preSolution
		Debug|Any CPU = Debug|Any CPU
		Release|Any CPU = Release|Any CPU
	EndGlobalSection
	GlobalSection(ProjectConfigurationPlatforms) = postSolution
		{3F01A3C3-A627-4912-81C3-64A7E1DFC51D}.Debug|Any CPU.ActiveCfg = Debug|Any CPU
		{3F01A3C3-A627-4912-81C3-64A7E1DFC51D}.Debug|Any CPU.Build.0 = Debug|Any CPU
		{3F01A3C3-A627-4912-81C3-64A7E1DFC51D}.Release|Any CPU.ActiveCfg = Release|Any CPU
		{3F01A3C3-A627-4912-81C3-64A7E1DFC51D}.Release|Any CPU.Build.0 = Release|Any CPU
	EndGlobalSection
	GlobalSection(SolutionProperties) = preSolution
		HideSolutionNode = FALSE
	EndGlobalSection
	GlobalSection(ExtensibilityGlobals) = postSolution
		SolutionGuid = {A1677B3D-09C5-404E-B29E-49B2438BFAE7}
	EndGlobalSection
EndGlobal
