
Microsoft Visual Studio Solution File, Format Version 12.00
# Visual Studio Version 17
VisualStudioVersion = 17.9.34728.123
MinimumVisualStudioVersion = 10.0.40219.1
Project("{FAE04EC0-301F-11D3-BF4B-00C04F79EFBC}") = "SendDataToForm", "SendDataToForm\SendDataToForm.csproj", "{C5310BB2-1AA2-4AD3-9236-8542167C6076}"
EndProject
Global
	GlobalSection(SolutionConfigurationPlatforms) = preSolution
		Debug|Any CPU = Debug|Any CPU
		Release|Any CPU = Release|Any CPU
	EndGlobalSection
	GlobalSection(ProjectConfigurationPlatforms) = postSolution
		{C5310BB2-1AA2-4AD3-9236-8542167C6076}.Debug|Any CPU.ActiveCfg = Debug|Any CPU
		{C5310BB2-1AA2-4AD3-9236-8542167C6076}.Debug|Any CPU.Build.0 = Debug|Any CPU
		{C5310BB2-1AA2-4AD3-9236-8542167C6076}.Release|Any CPU.ActiveCfg = Release|Any CPU
		{C5310BB2-1AA2-4AD3-9236-8542167C6076}.Release|Any CPU.Build.0 = Release|Any CPU
	EndGlobalSection
	GlobalSection(SolutionProperties) = preSolution
		HideSolutionNode = FALSE
	EndGlobalSection
	GlobalSection(ExtensibilityGlobals) = postSolution
		SolutionGuid = {00B96B64-0E2E-4A68-8E70-7833D1057EB3}
	EndGlobalSection
EndGlobal
