
Microsoft Visual Studio Solution File, Format Version 12.00
# Visual Studio Version 17
VisualStudioVersion = 17.10.35027.167
MinimumVisualStudioVersion = 10.0.40219.1
Project("{FAE04EC0-301F-11D3-BF4B-00C04F79EFBC}") = "Advanced LINQ Queries with Dictionaries", "Advanced LINQ Queries with Dictionaries.csproj", "{16EAF7BF-280A-4B8D-9232-AA10437FC084}"
EndProject
Global
	GlobalSection(SolutionConfigurationPlatforms) = preSolution
		Debug|Any CPU = Debug|Any CPU
		Release|Any CPU = Release|Any CPU
	EndGlobalSection
	GlobalSection(ProjectConfigurationPlatforms) = postSolution
		{16EAF7BF-280A-4B8D-9232-AA10437FC084}.Debug|Any CPU.ActiveCfg = Debug|Any CPU
		{16EAF7BF-280A-4B8D-9232-AA10437FC084}.Debug|Any CPU.Build.0 = Debug|Any CPU
		{16EAF7BF-280A-4B8D-9232-AA10437FC084}.Release|Any CPU.ActiveCfg = Release|Any CPU
		{16EAF7BF-280A-4B8D-9232-AA10437FC084}.Release|Any CPU.Build.0 = Release|Any CPU
	EndGlobalSection
	GlobalSection(SolutionProperties) = preSolution
		HideSolutionNode = FALSE
	EndGlobalSection
	GlobalSection(ExtensibilityGlobals) = postSolution
		SolutionGuid = {31A41F40-9AB2-4483-96B4-ECF3DA580280}
	EndGlobalSection
EndGlobal
