
Microsoft Visual Studio Solution File, Format Version 12.00
# Visual Studio Version 17
VisualStudioVersion = 17.10.35027.167
MinimumVisualStudioVersion = 10.0.40219.1
Project("{FAE04EC0-301F-11D3-BF4B-00C04F79EFBC}") = "Converting a List to an Array", "Converting a List to an Array.csproj", "{73B817EF-F849-4275-B044-930EAE723476}"
EndProject
Global
	GlobalSection(SolutionConfigurationPlatforms) = preSolution
		Debug|Any CPU = Debug|Any CPU
		Release|Any CPU = Release|Any CPU
	EndGlobalSection
	GlobalSection(ProjectConfigurationPlatforms) = postSolution
		{73B817EF-F849-4275-B044-930EAE723476}.Debug|Any CPU.ActiveCfg = Debug|Any CPU
		{73B817EF-F849-4275-B044-930EAE723476}.Debug|Any CPU.Build.0 = Debug|Any CPU
		{73B817EF-F849-4275-B044-930EAE723476}.Release|Any CPU.ActiveCfg = Release|Any CPU
		{73B817EF-F849-4275-B044-930EAE723476}.Release|Any CPU.Build.0 = Release|Any CPU
	EndGlobalSection
	GlobalSection(SolutionProperties) = preSolution
		HideSolutionNode = FALSE
	EndGlobalSection
	GlobalSection(ExtensibilityGlobals) = postSolution
		SolutionGuid = {DFE22875-9945-4FB9-9ADE-5BC5BEB456C4}
	EndGlobalSection
EndGlobal
