
Microsoft Visual Studio Solution File, Format Version 12.00
# Visual Studio Version 17
VisualStudioVersion = 17.9.34902.65
MinimumVisualStudioVersion = 10.0.40219.1
Project("{FAE04EC0-301F-11D3-BF4B-00C04F79EFBC}") = "XML Serialization Example", "XML Serialization Example\XML Serialization Example.csproj", "{9A8DB95D-2E7F-4FBA-8570-5AE2BB15FA91}"
EndProject
Global
	GlobalSection(SolutionConfigurationPlatforms) = preSolution
		Debug|Any CPU = Debug|Any CPU
		Release|Any CPU = Release|Any CPU
	EndGlobalSection
	GlobalSection(ProjectConfigurationPlatforms) = postSolution
		{9A8DB95D-2E7F-4FBA-8570-5AE2BB15FA91}.Debug|Any CPU.ActiveCfg = Debug|Any CPU
		{9A8DB95D-2E7F-4FBA-8570-5AE2BB15FA91}.Debug|Any CPU.Build.0 = Debug|Any CPU
		{9A8DB95D-2E7F-4FBA-8570-5AE2BB15FA91}.Release|Any CPU.ActiveCfg = Release|Any CPU
		{9A8DB95D-2E7F-4FBA-8570-5AE2BB15FA91}.Release|Any CPU.Build.0 = Release|Any CPU
	EndGlobalSection
	GlobalSection(SolutionProperties) = preSolution
		HideSolutionNode = FALSE
	EndGlobalSection
	GlobalSection(ExtensibilityGlobals) = postSolution
		SolutionGuid = {32B00E0C-4F4D-40AB-96F7-96396DAC9E46}
	EndGlobalSection
EndGlobal
