
Microsoft Visual Studio Solution File, Format Version 12.00
# Visual Studio Version 17
VisualStudioVersion = 17.9.34902.65
MinimumVisualStudioVersion = 10.0.40219.1
Project("{FAE04EC0-301F-11D3-BF4B-00C04F79EFBC}") = "Reflection with Custom Attributes", "Reflection with Custom Attributes\Reflection with Custom Attributes.csproj", "{1306ED47-F8FB-41BD-BA74-C3CD8433DEEF}"
EndProject
Global
	GlobalSection(SolutionConfigurationPlatforms) = preSolution
		Debug|Any CPU = Debug|Any CPU
		Release|Any CPU = Release|Any CPU
	EndGlobalSection
	GlobalSection(ProjectConfigurationPlatforms) = postSolution
		{1306ED47-F8FB-41BD-BA74-C3CD8433DEEF}.Debug|Any CPU.ActiveCfg = Debug|Any CPU
		{1306ED47-F8FB-41BD-BA74-C3CD8433DEEF}.Debug|Any CPU.Build.0 = Debug|Any CPU
		{1306ED47-F8FB-41BD-BA74-C3CD8433DEEF}.Release|Any CPU.ActiveCfg = Release|Any CPU
		{1306ED47-F8FB-41BD-BA74-C3CD8433DEEF}.Release|Any CPU.Build.0 = Release|Any CPU
	EndGlobalSection
	GlobalSection(SolutionProperties) = preSolution
		HideSolutionNode = FALSE
	EndGlobalSection
	GlobalSection(ExtensibilityGlobals) = postSolution
		SolutionGuid = {E3751766-8DE4-4860-AC96-754DE67BF34A}
	EndGlobalSection
EndGlobal
