
Microsoft Visual Studio Solution File, Format Version 12.00
# Visual Studio Version 17
VisualStudioVersion = 17.9.34902.65
MinimumVisualStudioVersion = 10.0.40219.1
Project("{FAE04EC0-301F-11D3-BF4B-00C04F79EFBC}") = "Hashing Example", "Hashing Example\Hashing Example.csproj", "{0759E971-5D05-43D4-A2AF-5ED3C48AFD63}"
EndProject
Global
	GlobalSection(SolutionConfigurationPlatforms) = preSolution
		Debug|Any CPU = Debug|Any CPU
		Release|Any CPU = Release|Any CPU
	EndGlobalSection
	GlobalSection(ProjectConfigurationPlatforms) = postSolution
		{0759E971-5D05-43D4-A2AF-5ED3C48AFD63}.Debug|Any CPU.ActiveCfg = Debug|Any CPU
		{0759E971-5D05-43D4-A2AF-5ED3C48AFD63}.Debug|Any CPU.Build.0 = Debug|Any CPU
		{0759E971-5D05-43D4-A2AF-5ED3C48AFD63}.Release|Any CPU.ActiveCfg = Release|Any CPU
		{0759E971-5D05-43D4-A2AF-5ED3C48AFD63}.Release|Any CPU.Build.0 = Release|Any CPU
	EndGlobalSection
	GlobalSection(SolutionProperties) = preSolution
		HideSolutionNode = FALSE
	EndGlobalSection
	GlobalSection(ExtensibilityGlobals) = postSolution
		SolutionGuid = {48637268-070D-4840-9387-3BDD08E26D96}
	EndGlobalSection
EndGlobal
