
Microsoft Visual Studio Solution File, Format Version 12.00
# Visual Studio Version 17
VisualStudioVersion = 17.10.35027.167
MinimumVisualStudioVersion = 10.0.40219.1
Project("{FAE04EC0-301F-11D3-BF4B-00C04F79EFBC}") = "Aggregating Data Using LINQ with List", "Aggregating Data Using LINQ with List.csproj", "{DD50923E-667A-4576-A4BF-4C57425526EF}"
EndProject
Global
	GlobalSection(SolutionConfigurationPlatforms) = preSolution
		Debug|Any CPU = Debug|Any CPU
		Release|Any CPU = Release|Any CPU
	EndGlobalSection
	GlobalSection(ProjectConfigurationPlatforms) = postSolution
		{DD50923E-667A-4576-A4BF-4C57425526EF}.Debug|Any CPU.ActiveCfg = Debug|Any CPU
		{DD50923E-667A-4576-A4BF-4C57425526EF}.Debug|Any CPU.Build.0 = Debug|Any CPU
		{DD50923E-667A-4576-A4BF-4C57425526EF}.Release|Any CPU.ActiveCfg = Release|Any CPU
		{DD50923E-667A-4576-A4BF-4C57425526EF}.Release|Any CPU.Build.0 = Release|Any CPU
	EndGlobalSection
	GlobalSection(SolutionProperties) = preSolution
		HideSolutionNode = FALSE
	EndGlobalSection
	GlobalSection(ExtensibilityGlobals) = postSolution
		SolutionGuid = {F005E1B1-1E6D-423A-A60E-9F13E15D2175}
	EndGlobalSection
EndGlobal
