
Microsoft Visual Studio Solution File, Format Version 12.00
# Visual Studio Version 17
VisualStudioVersion = 17.8.34330.188
MinimumVisualStudioVersion = 10.0.40219.1
Project("{FAE04EC0-301F-11D3-BF4B-00C04F79EFBC}") = "ConsoleApp1", "ConsoleApp1.csproj", "{87B39AAB-709C-41F2-8754-46C87C51851D}"
EndProject
Global
	GlobalSection(SolutionConfigurationPlatforms) = preSolution
		Debug|Any CPU = Debug|Any CPU
		Release|Any CPU = Release|Any CPU
	EndGlobalSection
	GlobalSection(ProjectConfigurationPlatforms) = postSolution
		{87B39AAB-709C-41F2-8754-46C87C51851D}.Debug|Any CPU.ActiveCfg = Debug|Any CPU
		{87B39AAB-709C-41F2-8754-46C87C51851D}.Debug|Any CPU.Build.0 = Debug|Any CPU
		{87B39AAB-709C-41F2-8754-46C87C51851D}.Release|Any CPU.ActiveCfg = Release|Any CPU
		{87B39AAB-709C-41F2-8754-46C87C51851D}.Release|Any CPU.Build.0 = Release|Any CPU
	EndGlobalSection
	GlobalSection(SolutionProperties) = preSolution
		HideSolutionNode = FALSE
	EndGlobalSection
	GlobalSection(ExtensibilityGlobals) = postSolution
		SolutionGuid = {2CBFEEB0-02AC-430E-A9A1-5B2362298E72}
	EndGlobalSection
EndGlobal
