
Microsoft Visual Studio Solution File, Format Version 12.00
# Visual Studio Version 17
VisualStudioVersion = 17.8.34330.188
MinimumVisualStudioVersion = 10.0.40219.1
Project("{FAE04EC0-301F-11D3-BF4B-00C04F79EFBC}") = "Composition", "Composition.csproj", "{AD4BCB12-A2ED-4850-A848-7BDFA4DE85D8}"
EndProject
Global
	GlobalSection(SolutionConfigurationPlatforms) = preSolution
		Debug|Any CPU = Debug|Any CPU
		Release|Any CPU = Release|Any CPU
	EndGlobalSection
	GlobalSection(ProjectConfigurationPlatforms) = postSolution
		{AD4BCB12-A2ED-4850-A848-7BDFA4DE85D8}.Debug|Any CPU.ActiveCfg = Debug|Any CPU
		{AD4BCB12-A2ED-4850-A848-7BDFA4DE85D8}.Debug|Any CPU.Build.0 = Debug|Any CPU
		{AD4BCB12-A2ED-4850-A848-7BDFA4DE85D8}.Release|Any CPU.ActiveCfg = Release|Any CPU
		{AD4BCB12-A2ED-4850-A848-7BDFA4DE85D8}.Release|Any CPU.Build.0 = Release|Any CPU
	EndGlobalSection
	GlobalSection(SolutionProperties) = preSolution
		HideSolutionNode = FALSE
	EndGlobalSection
	GlobalSection(ExtensibilityGlobals) = postSolution
		SolutionGuid = {CF404F1B-305F-4400-A5A2-802C33515395}
	EndGlobalSection
EndGlobal
