
Microsoft Visual Studio Solution File, Format Version 12.00
# Visual Studio Version 17
VisualStudioVersion = 17.10.35027.167
MinimumVisualStudioVersion = 10.0.40219.1
Project("{FAE04EC0-301F-11D3-BF4B-00C04F79EFBC}") = "Advanced LINQ Usage with SortedList", "Advanced LINQ Usage with SortedList.csproj", "{BEE7AEB9-AB0E-4200-A6BC-61681040472C}"
EndProject
Global
	GlobalSection(SolutionConfigurationPlatforms) = preSolution
		Debug|Any CPU = Debug|Any CPU
		Release|Any CPU = Release|Any CPU
	EndGlobalSection
	GlobalSection(ProjectConfigurationPlatforms) = postSolution
		{BEE7AEB9-AB0E-4200-A6BC-61681040472C}.Debug|Any CPU.ActiveCfg = Debug|Any CPU
		{BEE7AEB9-AB0E-4200-A6BC-61681040472C}.Debug|Any CPU.Build.0 = Debug|Any CPU
		{BEE7AEB9-AB0E-4200-A6BC-61681040472C}.Release|Any CPU.ActiveCfg = Release|Any CPU
		{BEE7AEB9-AB0E-4200-A6BC-61681040472C}.Release|Any CPU.Build.0 = Release|Any CPU
	EndGlobalSection
	GlobalSection(SolutionProperties) = preSolution
		HideSolutionNode = FALSE
	EndGlobalSection
	GlobalSection(ExtensibilityGlobals) = postSolution
		SolutionGuid = {CACFF956-3DE5-4FBE-AE41-A661230AE273}
	EndGlobalSection
EndGlobal
