
Microsoft Visual Studio Solution File, Format Version 12.00
# Visual Studio Version 17
VisualStudioVersion = 17.8.34330.188
MinimumVisualStudioVersion = 10.0.40219.1
Project("{FAE04EC0-301F-11D3-BF4B-00C04F79EFBC}") = "DataSet_Exemple", "DataSet_Exemple.csproj", "{8634E75E-6CD8-4C6C-8C32-33F9E09C46E0}"
EndProject
Global
	GlobalSection(SolutionConfigurationPlatforms) = preSolution
		Debug|Any CPU = Debug|Any CPU
		Release|Any CPU = Release|Any CPU
	EndGlobalSection
	GlobalSection(ProjectConfigurationPlatforms) = postSolution
		{8634E75E-6CD8-4C6C-8C32-33F9E09C46E0}.Debug|Any CPU.ActiveCfg = Debug|Any CPU
		{8634E75E-6CD8-4C6C-8C32-33F9E09C46E0}.Debug|Any CPU.Build.0 = Debug|Any CPU
		{8634E75E-6CD8-4C6C-8C32-33F9E09C46E0}.Release|Any CPU.ActiveCfg = Release|Any CPU
		{8634E75E-6CD8-4C6C-8C32-33F9E09C46E0}.Release|Any CPU.Build.0 = Release|Any CPU
	EndGlobalSection
	GlobalSection(SolutionProperties) = preSolution
		HideSolutionNode = FALSE
	EndGlobalSection
	GlobalSection(ExtensibilityGlobals) = postSolution
		SolutionGuid = {5AE5BF14-BEFC-4922-841B-B8800012F3E7}
	EndGlobalSection
EndGlobal
