
Microsoft Visual Studio Solution File, Format Version 12.00
# Visual Studio Version 17
VisualStudioVersion = 17.10.35027.167
MinimumVisualStudioVersion = 10.0.40219.1
Project("{FAE04EC0-301F-11D3-BF4B-00C04F79EFBC}") = "Advanced LINQ Operations on Arrays - Joining and Projection", "Advanced LINQ Operations on Arrays - Joining and Projection.csproj", "{31E9185B-AD7D-4894-BFA1-4ABBF052772C}"
EndProject
Global
	GlobalSection(SolutionConfigurationPlatforms) = preSolution
		Debug|Any CPU = Debug|Any CPU
		Release|Any CPU = Release|Any CPU
	EndGlobalSection
	GlobalSection(ProjectConfigurationPlatforms) = postSolution
		{31E9185B-AD7D-4894-BFA1-4ABBF052772C}.Debug|Any CPU.ActiveCfg = Debug|Any CPU
		{31E9185B-AD7D-4894-BFA1-4ABBF052772C}.Debug|Any CPU.Build.0 = Debug|Any CPU
		{31E9185B-AD7D-4894-BFA1-4ABBF052772C}.Release|Any CPU.ActiveCfg = Release|Any CPU
		{31E9185B-AD7D-4894-BFA1-4ABBF052772C}.Release|Any CPU.Build.0 = Release|Any CPU
	EndGlobalSection
	GlobalSection(SolutionProperties) = preSolution
		HideSolutionNode = FALSE
	EndGlobalSection
	GlobalSection(ExtensibilityGlobals) = postSolution
		SolutionGuid = {615BC846-4261-44A1-BCB3-B3616C142EFC}
	EndGlobalSection
EndGlobal
