
Microsoft Visual Studio Solution File, Format Version 12.00
# Visual Studio Version 17
VisualStudioVersion = 17.10.35027.167
MinimumVisualStudioVersion = 10.0.40219.1
Project("{FAE04EC0-301F-11D3-BF4B-00C04F79EFBC}") = "Example 2 Get Screen Resolution", "Example 2 Get Screen Resolution.csproj", "{463E0B5E-7E9F-4F9A-97FA-58984B0B943E}"
EndProject
Global
	GlobalSection(SolutionConfigurationPlatforms) = preSolution
		Debug|Any CPU = Debug|Any CPU
		Release|Any CPU = Release|Any CPU
	EndGlobalSection
	GlobalSection(ProjectConfigurationPlatforms) = postSolution
		{463E0B5E-7E9F-4F9A-97FA-58984B0B943E}.Debug|Any CPU.ActiveCfg = Debug|Any CPU
		{463E0B5E-7E9F-4F9A-97FA-58984B0B943E}.Debug|Any CPU.Build.0 = Debug|Any CPU
		{463E0B5E-7E9F-4F9A-97FA-58984B0B943E}.Release|Any CPU.ActiveCfg = Release|Any CPU
		{463E0B5E-7E9F-4F9A-97FA-58984B0B943E}.Release|Any CPU.Build.0 = Release|Any CPU
	EndGlobalSection
	GlobalSection(SolutionProperties) = preSolution
		HideSolutionNode = FALSE
	EndGlobalSection
	GlobalSection(ExtensibilityGlobals) = postSolution
		SolutionGuid = {FB884BA7-F121-4C14-8467-BAAB59F8AA57}
	EndGlobalSection
EndGlobal
