
Microsoft Visual Studio Solution File, Format Version 12.00
# Visual Studio Version 17
VisualStudioVersion = 17.10.35027.167
MinimumVisualStudioVersion = 10.0.40219.1
Project("{FAE04EC0-301F-11D3-BF4B-00C04F79EFBC}") = "Filtering Data with LINQ in C# Using List", "Filtering Data with LINQ in C# Using List.csproj", "{5E81358D-E07F-44D7-AFD7-E3E216EC6EF9}"
EndProject
Global
	GlobalSection(SolutionConfigurationPlatforms) = preSolution
		Debug|Any CPU = Debug|Any CPU
		Release|Any CPU = Release|Any CPU
	EndGlobalSection
	GlobalSection(ProjectConfigurationPlatforms) = postSolution
		{5E81358D-E07F-44D7-AFD7-E3E216EC6EF9}.Debug|Any CPU.ActiveCfg = Debug|Any CPU
		{5E81358D-E07F-44D7-AFD7-E3E216EC6EF9}.Debug|Any CPU.Build.0 = Debug|Any CPU
		{5E81358D-E07F-44D7-AFD7-E3E216EC6EF9}.Release|Any CPU.ActiveCfg = Release|Any CPU
		{5E81358D-E07F-44D7-AFD7-E3E216EC6EF9}.Release|Any CPU.Build.0 = Release|Any CPU
	EndGlobalSection
	GlobalSection(SolutionProperties) = preSolution
		HideSolutionNode = FALSE
	EndGlobalSection
	GlobalSection(ExtensibilityGlobals) = postSolution
		SolutionGuid = {F17B7B47-890F-436C-A7DA-19B0D5AC2D3E}
	EndGlobalSection
EndGlobal
