
Microsoft Visual Studio Solution File, Format Version 12.00
# Visual Studio Version 17
VisualStudioVersion = 17.8.34330.188
MinimumVisualStudioVersion = 10.0.40219.1
Project("{FAE04EC0-301F-11D3-BF4B-00C04F79EFBC}") = "StaticConstructore", "StaticConstructore.csproj", "{A254D45A-0591-48AC-AA65-91229C683154}"
EndProject
Global
	GlobalSection(SolutionConfigurationPlatforms) = preSolution
		Debug|Any CPU = Debug|Any CPU
		Release|Any CPU = Release|Any CPU
	EndGlobalSection
	GlobalSection(ProjectConfigurationPlatforms) = postSolution
		{A254D45A-0591-48AC-AA65-91229C683154}.Debug|Any CPU.ActiveCfg = Debug|Any CPU
		{A254D45A-0591-48AC-AA65-91229C683154}.Debug|Any CPU.Build.0 = Debug|Any CPU
		{A254D45A-0591-48AC-AA65-91229C683154}.Release|Any CPU.ActiveCfg = Release|Any CPU
		{A254D45A-0591-48AC-AA65-91229C683154}.Release|Any CPU.Build.0 = Release|Any CPU
	EndGlobalSection
	GlobalSection(SolutionProperties) = preSolution
		HideSolutionNode = FALSE
	EndGlobalSection
	GlobalSection(ExtensibilityGlobals) = postSolution
		SolutionGuid = {2E60CB6A-1A89-41CA-A11A-1F8B9F6E85EB}
	EndGlobalSection
EndGlobal
