
Microsoft Visual Studio Solution File, Format Version 12.00
# Visual Studio Version 17
VisualStudioVersion = 17.9.34902.65
MinimumVisualStudioVersion = 10.0.40219.1
Project("{FAE04EC0-301F-11D3-BF4B-00C04F79EFBC}") = "Action Delegate Example", "Action Delegate Example\Action Delegate Example.csproj", "{6B66CF5D-61A9-46EF-89DE-6DCBD01AC17D}"
EndProject
Global
	GlobalSection(SolutionConfigurationPlatforms) = preSolution
		Debug|Any CPU = Debug|Any CPU
		Release|Any CPU = Release|Any CPU
	EndGlobalSection
	GlobalSection(ProjectConfigurationPlatforms) = postSolution
		{6B66CF5D-61A9-46EF-89DE-6DCBD01AC17D}.Debug|Any CPU.ActiveCfg = Debug|Any CPU
		{6B66CF5D-61A9-46EF-89DE-6DCBD01AC17D}.Debug|Any CPU.Build.0 = Debug|Any CPU
		{6B66CF5D-61A9-46EF-89DE-6DCBD01AC17D}.Release|Any CPU.ActiveCfg = Release|Any CPU
		{6B66CF5D-61A9-46EF-89DE-6DCBD01AC17D}.Release|Any CPU.Build.0 = Release|Any CPU
	EndGlobalSection
	GlobalSection(SolutionProperties) = preSolution
		HideSolutionNode = FALSE
	EndGlobalSection
	GlobalSection(ExtensibilityGlobals) = postSolution
		SolutionGuid = {A62DE0D3-F587-4807-BBD5-5B913117A17A}
	EndGlobalSection
EndGlobal
