
Microsoft Visual Studio Solution File, Format Version 12.00
# Visual Studio Version 17
VisualStudioVersion = 17.9.34902.65
MinimumVisualStudioVersion = 10.0.40219.1
Project("{FAE04EC0-301F-11D3-BF4B-00C04F79EFBC}") = "Action Delegate With Lambda Expression", "Action Delegate With Lambda Expression\Action Delegate With Lambda Expression.csproj", "{2A5BD460-8C2C-43CC-AD44-5ED828E744EF}"
EndProject
Global
	GlobalSection(SolutionConfigurationPlatforms) = preSolution
		Debug|Any CPU = Debug|Any CPU
		Release|Any CPU = Release|Any CPU
	EndGlobalSection
	GlobalSection(ProjectConfigurationPlatforms) = postSolution
		{2A5BD460-8C2C-43CC-AD44-5ED828E744EF}.Debug|Any CPU.ActiveCfg = Debug|Any CPU
		{2A5BD460-8C2C-43CC-AD44-5ED828E744EF}.Debug|Any CPU.Build.0 = Debug|Any CPU
		{2A5BD460-8C2C-43CC-AD44-5ED828E744EF}.Release|Any CPU.ActiveCfg = Release|Any CPU
		{2A5BD460-8C2C-43CC-AD44-5ED828E744EF}.Release|Any CPU.Build.0 = Release|Any CPU
	EndGlobalSection
	GlobalSection(SolutionProperties) = preSolution
		HideSolutionNode = FALSE
	EndGlobalSection
	GlobalSection(ExtensibilityGlobals) = postSolution
		SolutionGuid = {15C1CB6A-F821-419E-8061-DFA60F3A7B51}
	EndGlobalSection
EndGlobal
