
Microsoft Visual Studio Solution File, Format Version 12.00
# Visual Studio Version 17
VisualStudioVersion = 17.10.35027.167
MinimumVisualStudioVersion = 10.0.40219.1
Project("{FAE04EC0-301F-11D3-BF4B-00C04F79EFBC}") = "Example 1 Change Desktop Wallpaper", "Example 1 Change Desktop Wallpaper.csproj", "{3BA395BC-C175-47F5-A7D9-DFA8A22410AE}"
EndProject
Global
	GlobalSection(SolutionConfigurationPlatforms) = preSolution
		Debug|Any CPU = Debug|Any CPU
		Release|Any CPU = Release|Any CPU
	EndGlobalSection
	GlobalSection(ProjectConfigurationPlatforms) = postSolution
		{3BA395BC-C175-47F5-A7D9-DFA8A22410AE}.Debug|Any CPU.ActiveCfg = Debug|Any CPU
		{3BA395BC-C175-47F5-A7D9-DFA8A22410AE}.Debug|Any CPU.Build.0 = Debug|Any CPU
		{3BA395BC-C175-47F5-A7D9-DFA8A22410AE}.Release|Any CPU.ActiveCfg = Release|Any CPU
		{3BA395BC-C175-47F5-A7D9-DFA8A22410AE}.Release|Any CPU.Build.0 = Release|Any CPU
	EndGlobalSection
	GlobalSection(SolutionProperties) = preSolution
		HideSolutionNode = FALSE
	EndGlobalSection
	GlobalSection(ExtensibilityGlobals) = postSolution
		SolutionGuid = {F180EDB7-1622-4BA2-AC39-64C2C041092B}
	EndGlobalSection
EndGlobal
