
Microsoft Visual Studio Solution File, Format Version 12.00
# Visual Studio Version 17
VisualStudioVersion = 17.10.35027.167
MinimumVisualStudioVersion = 10.0.40219.1
Project("{FAE04EC0-301F-11D3-BF4B-00C04F79EFBC}") = "Implementing Bubble Sort", "Implementing Bubble Sort.csproj", "{D157D116-14CB-4D0A-9518-4A00C6E2D63D}"
EndProject
Global
	GlobalSection(SolutionConfigurationPlatforms) = preSolution
		Debug|Any CPU = Debug|Any CPU
		Release|Any CPU = Release|Any CPU
	EndGlobalSection
	GlobalSection(ProjectConfigurationPlatforms) = postSolution
		{D157D116-14CB-4D0A-9518-4A00C6E2D63D}.Debug|Any CPU.ActiveCfg = Debug|Any CPU
		{D157D116-14CB-4D0A-9518-4A00C6E2D63D}.Debug|Any CPU.Build.0 = Debug|Any CPU
		{D157D116-14CB-4D0A-9518-4A00C6E2D63D}.Release|Any CPU.ActiveCfg = Release|Any CPU
		{D157D116-14CB-4D0A-9518-4A00C6E2D63D}.Release|Any CPU.Build.0 = Release|Any CPU
	EndGlobalSection
	GlobalSection(SolutionProperties) = preSolution
		HideSolutionNode = FALSE
	EndGlobalSection
	GlobalSection(ExtensibilityGlobals) = postSolution
		SolutionGuid = {7516FDA8-8CAF-4F49-BD74-459EEB960FFB}
	EndGlobalSection
EndGlobal
