
Microsoft Visual Studio Solution File, Format Version 12.00
# Visual Studio Version 17
VisualStudioVersion = 17.10.35027.167
MinimumVisualStudioVersion = 10.0.40219.1
Project("{FAE04EC0-301F-11D3-BF4B-00C04F79EFBC}") = "LINQ with SortedList", "LINQ with SortedList.csproj", "{C65F8D93-6066-41B7-B7CC-4D5E0013BDEB}"
EndProject
Global
	GlobalSection(SolutionConfigurationPlatforms) = preSolution
		Debug|Any CPU = Debug|Any CPU
		Release|Any CPU = Release|Any CPU
	EndGlobalSection
	GlobalSection(ProjectConfigurationPlatforms) = postSolution
		{C65F8D93-6066-41B7-B7CC-4D5E0013BDEB}.Debug|Any CPU.ActiveCfg = Debug|Any CPU
		{C65F8D93-6066-41B7-B7CC-4D5E0013BDEB}.Debug|Any CPU.Build.0 = Debug|Any CPU
		{C65F8D93-6066-41B7-B7CC-4D5E0013BDEB}.Release|Any CPU.ActiveCfg = Release|Any CPU
		{C65F8D93-6066-41B7-B7CC-4D5E0013BDEB}.Release|Any CPU.Build.0 = Release|Any CPU
	EndGlobalSection
	GlobalSection(SolutionProperties) = preSolution
		HideSolutionNode = FALSE
	EndGlobalSection
	GlobalSection(ExtensibilityGlobals) = postSolution
		SolutionGuid = {AD5E9588-F52D-492E-8ECC-61BA7B3DCBA1}
	EndGlobalSection
EndGlobal
