
Microsoft Visual Studio Solution File, Format Version 12.00
# Visual Studio Version 17
VisualStudioVersion = 17.9.34902.65
MinimumVisualStudioVersion = 10.0.40219.1
Project("{FAE04EC0-301F-11D3-BF4B-00C04F79EFBC}") = "Generic Classes", "Generic Classes\Generic Classes.csproj", "{AFFE47DA-3986-4FFC-956F-E4D23251BBDF}"
EndProject
Global
	GlobalSection(SolutionConfigurationPlatforms) = preSolution
		Debug|Any CPU = Debug|Any CPU
		Release|Any CPU = Release|Any CPU
	EndGlobalSection
	GlobalSection(ProjectConfigurationPlatforms) = postSolution
		{AFFE47DA-3986-4FFC-956F-E4D23251BBDF}.Debug|Any CPU.ActiveCfg = Debug|Any CPU
		{AFFE47DA-3986-4FFC-956F-E4D23251BBDF}.Debug|Any CPU.Build.0 = Debug|Any CPU
		{AFFE47DA-3986-4FFC-956F-E4D23251BBDF}.Release|Any CPU.ActiveCfg = Release|Any CPU
		{AFFE47DA-3986-4FFC-956F-E4D23251BBDF}.Release|Any CPU.Build.0 = Release|Any CPU
	EndGlobalSection
	GlobalSection(SolutionProperties) = preSolution
		HideSolutionNode = FALSE
	EndGlobalSection
	GlobalSection(ExtensibilityGlobals) = postSolution
		SolutionGuid = {445513EF-DBBA-4E06-A187-2C9ED5B073EE}
	EndGlobalSection
EndGlobal
