
Microsoft Visual Studio Solution File, Format Version 12.00
# Visual Studio Version 17
VisualStudioVersion = 17.10.35027.167
MinimumVisualStudioVersion = 10.0.40219.1
Project("{FAE04EC0-301F-11D3-BF4B-00C04F79EFBC}") = "Copying Arrays", "Copying Arrays.csproj", "{343D17EA-1013-4DB0-AC60-6D9B8D36954F}"
EndProject
Global
	GlobalSection(SolutionConfigurationPlatforms) = preSolution
		Debug|Any CPU = Debug|Any CPU
		Release|Any CPU = Release|Any CPU
	EndGlobalSection
	GlobalSection(ProjectConfigurationPlatforms) = postSolution
		{343D17EA-1013-4DB0-AC60-6D9B8D36954F}.Debug|Any CPU.ActiveCfg = Debug|Any CPU
		{343D17EA-1013-4DB0-AC60-6D9B8D36954F}.Debug|Any CPU.Build.0 = Debug|Any CPU
		{343D17EA-1013-4DB0-AC60-6D9B8D36954F}.Release|Any CPU.ActiveCfg = Release|Any CPU
		{343D17EA-1013-4DB0-AC60-6D9B8D36954F}.Release|Any CPU.Build.0 = Release|Any CPU
	EndGlobalSection
	GlobalSection(SolutionProperties) = preSolution
		HideSolutionNode = FALSE
	EndGlobalSection
	GlobalSection(ExtensibilityGlobals) = postSolution
		SolutionGuid = {0033BF58-8CE1-4BCE-9A4E-DD1A10756560}
	EndGlobalSection
EndGlobal
